
Microsoft Visual Studio Solution File, Format Version 12.00
# Visual Studio Version 17
VisualStudioVersion = 17.12.35506.116
MinimumVisualStudioVersion = 10.0.40219.1
Project("{FAE04EC0-301F-11D3-BF4B-00C04F79EFBC}") = "SharpMeta.Example", "SharpMeta.Example\SharpMeta.Example.csproj", "{9DAD63F8-8287-4C29-98D7-EFBCB4C8EDDF}"
	ProjectSection(ProjectDependencies) = postProject
		{7DCD9DA2-757C-465D-A37D-52EFDD07325C} = {7DCD9DA2-757C-465D-A37D-52EFDD07325C}
	EndProjectSection
EndProject
Project("{FAE04EC0-301F-11D3-BF4B-00C04F79EFBC}") = "SharpMeta", "SharpMeta\SharpMeta.csproj", "{7DCD9DA2-757C-465D-A37D-52EFDD07325C}"
EndProject
Global
	GlobalSection(SolutionConfigurationPlatforms) = preSolution
		Debug|Any CPU = Debug|Any CPU
		Release|Any CPU = Release|Any CPU
	EndGlobalSection
	GlobalSection(ProjectConfigurationPlatforms) = postSolution
		{9DAD63F8-8287-4C29-98D7-EFBCB4C8EDDF}.Debug|Any CPU.ActiveCfg = Debug|Any CPU
		{9DAD63F8-8287-4C29-98D7-EFBCB4C8EDDF}.Debug|Any CPU.Build.0 = Debug|Any CPU
		{9DAD63F8-8287-4C29-98D7-EFBCB4C8EDDF}.Release|Any CPU.ActiveCfg = Release|Any CPU
		{9DAD63F8-8287-4C29-98D7-EFBCB4C8EDDF}.Release|Any CPU.Build.0 = Release|Any CPU
		{7DCD9DA2-757C-465D-A37D-52EFDD07325C}.Debug|Any CPU.ActiveCfg = Debug|Any CPU
		{7DCD9DA2-757C-465D-A37D-52EFDD07325C}.Debug|Any CPU.Build.0 = Debug|Any CPU
		{7DCD9DA2-757C-465D-A37D-52EFDD07325C}.Release|Any CPU.ActiveCfg = Release|Any CPU
		{7DCD9DA2-757C-465D-A37D-52EFDD07325C}.Release|Any CPU.Build.0 = Release|Any CPU
	EndGlobalSection
	GlobalSection(SolutionProperties) = preSolution
		HideSolutionNode = FALSE
	EndGlobalSection
EndGlobal
